
Microsoft Visual Studio Solution File, Format Version 12.00
# Visual Studio Version 16
VisualStudioVersion = 16.0.30804.86
MinimumVisualStudioVersion = 10.0.40219.1
Project("{8BC9CEB8-8B4A-11D0-8D11-00A0C91BC942}") = "hddblink", "hddblink.vcxproj", "{A8C9D562-85CD-46D7-84DC-C927399BADDA}"
EndProject
Global
	GlobalSection(SolutionConfigurationPlatforms) = preSolution
		Debug|x64 = Debug|x64
		Debug|x86 = Debug|x86
		Release|x64 = Release|x64
		Release|x86 = Release|x86
	EndGlobalSection
	GlobalSection(ProjectConfigurationPlatforms) = postSolution
		{A8C9D562-85CD-46D7-84DC-C927399BADDA}.Debug|x64.ActiveCfg = Debug|x64
		{A8C9D562-85CD-46D7-84DC-C927399BADDA}.Debug|x64.Build.0 = Debug|x64
		{A8C9D562-85CD-46D7-84DC-C927399BADDA}.Debug|x86.ActiveCfg = Debug|Win32
		{A8C9D562-85CD-46D7-84DC-C927399BADDA}.Debug|x86.Build.0 = Debug|Win32
		{A8C9D562-85CD-46D7-84DC-C927399BADDA}.Release|x64.ActiveCfg = Release|x64
		{A8C9D562-85CD-46D7-84DC-C927399BADDA}.Release|x64.Build.0 = Release|x64
		{A8C9D562-85CD-46D7-84DC-C927399BADDA}.Release|x86.ActiveCfg = Release|Win32
		{A8C9D562-85CD-46D7-84DC-C927399BADDA}.Release|x86.Build.0 = Release|Win32
	EndGlobalSection
	GlobalSection(SolutionProperties) = preSolution
		HideSolutionNode = FALSE
	EndGlobalSection
	GlobalSection(ExtensibilityGlobals) = postSolution
		SolutionGuid = {CEA89574-256C-4F66-A093-BC0DAA2DF22E}
	EndGlobalSection
EndGlobal
